DEPENDENCIES
  mysql (~> 5.3.6)
  ruby_build
  ruby_rbenv
    git: git://github.com/fnichol/chef-rbenv.git
    revision: fba2ddba79a86e57d0abe30da089921080969cda
  sudo
  tmux
  yum (= 3.8.2)
  yum-epel (= 0.5.3)

GRAPH
  apt (3.0.0)
  java (1.39.0)
    apt (>= 0.0.0)
  mysql (5.3.6)
    yum-mysql-community (>= 0.0.0)
  rbac (1.0.3)
  ruby_build (0.8.0)
  ruby_rbenv (1.0.1)
    java (> 1.4.0)
    ruby_build (>= 0.0.0)
  smf (2.2.8)
    rbac (>= 1.0.1)
  sudo (2.9.0)
  tmux (1.5.0)
  yum (3.8.2)
  yum-epel (0.5.3)
    yum (~> 3.0)
  yum-mysql-community (0.2.0)
    yum (>= 3.2)
